
Microsoft Visual Studio Solution File, Format Version 12.00
# Visual Studio Version 17
VisualStudioVersion = 17.9.34728.123
MinimumVisualStudioVersion = 10.0.40219.1
Project("{FAE04EC0-301F-11D3-BF4B-00C04F79EFBC}") = "Criptografia", "Criptografia.csproj", "{CCF3BA32-C953-4556-9712-29D35A8CAD96}"
EndProject
Global
	GlobalSection(SolutionConfigurationPlatforms) = preSolution
		Debug|Any CPU = Debug|Any CPU
		Release|Any CPU = Release|Any CPU
	EndGlobalSection
	GlobalSection(ProjectConfigurationPlatforms) = postSolution
		{CCF3BA32-C953-4556-9712-29D35A8CAD96}.Debug|Any CPU.ActiveCfg = Debug|Any CPU
		{CCF3BA32-C953-4556-9712-29D35A8CAD96}.Debug|Any CPU.Build.0 = Debug|Any CPU
		{CCF3BA32-C953-4556-9712-29D35A8CAD96}.Release|Any CPU.ActiveCfg = Release|Any CPU
		{CCF3BA32-C953-4556-9712-29D35A8CAD96}.Release|Any CPU.Build.0 = Release|Any CPU
	EndGlobalSection
	GlobalSection(SolutionProperties) = preSolution
		HideSolutionNode = FALSE
	EndGlobalSection
	GlobalSection(ExtensibilityGlobals) = postSolution
		SolutionGuid = {B0A65057-4E23-490B-9CA2-12D39BEED538}
	EndGlobalSection
EndGlobal
